{
  "name": "spiderfront",
  "version": "0.0.0",
  "lockfileVersion": 1,
  "requires": true,
  "dependencies": {
    "ncp": {
      "version": "2.0.0",
      "resolved": "https://registry.npmjs.org/ncp/-/ncp-2.0.0.tgz",
      "integrity": "sha1-GVoh1sRuNh0vsSgbo4uR6d9727M=",
      "dev": true
    },
    "spiderlib": {
      "version": "0.0.18",
      "resolved": "https://registry.npmjs.org/spiderlib/-/spiderlib-0.0.18.tgz",
      "integrity": "sha512-FzGVC5cr8uaWzCuoND1byvhctv0SBjeYgI3LN33vrkqghoTmQbFbLb++frnx9cWYVMg9ZqHTxmfB3wVeUPFPqw=="
    }
  }
}
